
Microsoft Visual Studio Solution File, Format Version 12.00
# Visual Studio Version 16
VisualStudioVersion = 16.0.30907.101
MinimumVisualStudioVersion = 10.0.40219.1
Project("{9A19103F-16F7-4668-BE54-9A1E7A4F7556}") = "DataSystem", "DataSystem\DataSystem.csproj", "{72078FBC-9295-4EB2-8273-F05C8B393E34}"
EndProject
Project("{FAE04EC0-301F-11D3-BF4B-00C04F79EFBC}") = "Test", "Test\Test.csproj", "{51651714-B706-42E3-8892-4D57E9E524F6}"
EndProject
Global
	GlobalSection(SolutionConfigurationPlatforms) = preSolution
		Debug|Any CPU = Debug|Any CPU
		Release|Any CPU = Release|Any CPU
	EndGlobalSection
	GlobalSection(ProjectConfigurationPlatforms) = postSolution
		{72078FBC-9295-4EB2-8273-F05C8B393E34}.Debug|Any CPU.ActiveCfg = Debug|Any CPU
		{72078FBC-9295-4EB2-8273-F05C8B393E34}.Debug|Any CPU.Build.0 = Debug|Any CPU
		{72078FBC-9295-4EB2-8273-F05C8B393E34}.Release|Any CPU.ActiveCfg = Release|Any CPU
		{72078FBC-9295-4EB2-8273-F05C8B393E34}.Release|Any CPU.Build.0 = Release|Any CPU
		{51651714-B706-42E3-8892-4D57E9E524F6}.Debug|Any CPU.ActiveCfg = Debug|Any CPU
		{51651714-B706-42E3-8892-4D57E9E524F6}.Debug|Any CPU.Build.0 = Debug|Any CPU
		{51651714-B706-42E3-8892-4D57E9E524F6}.Release|Any CPU.ActiveCfg = Release|Any CPU
		{51651714-B706-42E3-8892-4D57E9E524F6}.Release|Any CPU.Build.0 = Release|Any CPU
	EndGlobalSection
	GlobalSection(SolutionProperties) = preSolution
		HideSolutionNode = FALSE
	EndGlobalSection
	GlobalSection(ExtensibilityGlobals) = postSolution
		SolutionGuid = {E6237B98-9CF7-41C8-8EBA-80EB937912DB}
	EndGlobalSection
EndGlobal
